
Microsoft Visual Studio Solution File, Format Version 12.00
# Visual Studio Version 16
VisualStudioVersion = 16.0.30011.22
MinimumVisualStudioVersion = 10.0.40219.1
Project("{FAE04EC0-301F-11D3-BF4B-00C04F79EFBC}") = "NewTgBot", "NewTgBot\NewTgBot.csproj", "{E068F6BB-5778-41D8-A631-57CE4BB1A5FE}"
EndProject
Global
	GlobalSection(SolutionConfigurationPlatforms) = preSolution
		Debug|Any CPU = Debug|Any CPU
		Release|Any CPU = Release|Any CPU
	EndGlobalSection
	GlobalSection(ProjectConfigurationPlatforms) = postSolution
		{E068F6BB-5778-41D8-A631-57CE4BB1A5FE}.Debug|Any CPU.ActiveCfg = Debug|Any CPU
		{E068F6BB-5778-41D8-A631-57CE4BB1A5FE}.Debug|Any CPU.Build.0 = Debug|Any CPU
		{E068F6BB-5778-41D8-A631-57CE4BB1A5FE}.Release|Any CPU.ActiveCfg = Release|Any CPU
		{E068F6BB-5778-41D8-A631-57CE4BB1A5FE}.Release|Any CPU.Build.0 = Release|Any CPU
	EndGlobalSection
	GlobalSection(SolutionProperties) = preSolution
		HideSolutionNode = FALSE
	EndGlobalSection
	GlobalSection(ExtensibilityGlobals) = postSolution
		SolutionGuid = {8041663F-4809-4310-AC1B-4CDF56181DEC}
	EndGlobalSection
EndGlobal
